// !$*UTF8*$!
{
	archiveVersion = 1;
	classes = {
	};
	objectVersion = 56;
	objects = {

/* Begin PBXBuildFile section */
		BD44A0572C1B482100D1B176 /* OnTimeHomePage.swift in Sources */ = {isa = PBXBuildFile; fileRef = BD44A0562C1B482100D1B176 /* OnTimeHomePage.swift */; };
		BD5A4B362C1B7766003424D5 /* CalendarCell.swift in Sources */ = {isa = PBXBuildFile; fileRef = BD5A4B352C1B7766003424D5 /* CalendarCell.swift */; };
		BD5A4B382C1B77B3003424D5 /* MonthStruct.swift in Sources */ = {isa = PBXBuildFile; fileRef = BD5A4B372C1B77B3003424D5 /* MonthStruct.swift */; };
		BD5A4B3A2C1B77DC003424D5 /* CalendarSwiftUIApp.swift in Sources */ = {isa = PBXBuildFile; fileRef = BD5A4B392C1B77DC003424D5 /* CalendarSwiftUIApp.swift */; };
		BD5A4B3C2C1B7801003424D5 /* OTContentView.swift in Sources */ = {isa = PBXBuildFile; fileRef = BD5A4B3B2C1B7801003424D5 /* OTContentView.swift */; };
		BD5A4B3E2C1B783B003424D5 /* DateScrollerView.swift in Sources */ = {isa = PBXBuildFile; fileRef = BD5A4B3D2C1B783B003424D5 /* DateScrollerView.swift */; };
		BD5A4B402C1B7866003424D5 /* CalendarHelper.swift in Sources */ = {isa = PBXBuildFile; fileRef = BD5A4B3F2C1B7866003424D5 /* CalendarHelper.swift */; };
		BD5A4B422C1B788D003424D5 /* DateHolder.swift in Sources */ = {isa = PBXBuildFile; fileRef = BD5A4B412C1B788D003424D5 /* DateHolder.swift */; };
		BD5A4B442C1B8354003424D5 /* UpdatedTimerOnTime.swift in Sources */ = {isa = PBXBuildFile; fileRef = BD5A4B432C1B8354003424D5 /* UpdatedTimerOnTime.swift */; };
		BD5A4B462C1B83B9003424D5 /* BackgroundUpdatedTimerOnTime.swift in Sources */ = {isa = PBXBuildFile; fileRef = BD5A4B452C1B83B9003424D5 /* BackgroundUpdatedTimerOnTime.swift */; };
		BD5A4B482C1B8D69003424D5 /* ScheduleContentViewOT.swift in Sources */ = {isa = PBXBuildFile; fileRef = BD5A4B472C1B8D69003424D5 /* ScheduleContentViewOT.swift */; };
		BD5A4B4A2C1B8DFA003424D5 /* NewScheduleOnTime.swift in Sources */ = {isa = PBXBuildFile; fileRef = BD5A4B492C1B8DFA003424D5 /* NewScheduleOnTime.swift */; };
		BD5A4B4C2C1B8E9D003424D5 /* ViewAndEditScheduleOnTime.swift in Sources */ = {isa = PBXBuildFile; fileRef = BD5A4B4B2C1B8E9D003424D5 /* ViewAndEditScheduleOnTime.swift */; };
		BDA3583A2C18CA2A00EF2E43 /* OnTimeHomePageApp.swift in Sources */ = {isa = PBXBuildFile; fileRef = BDA358392C18CA2A00EF2E43 /* OnTimeHomePageApp.swift */; };
		BDA3583C2C18CA2A00EF2E43 /* ContentView.swift in Sources */ = {isa = PBXBuildFile; fileRef = BDA3583B2C18CA2A00EF2E43 /* ContentView.swift */; };
		BDA3583E2C18CA2B00EF2E43 /* Assets.xcassets in Resources */ = {isa = PBXBuildFile; fileRef = BDA3583D2C18CA2B00EF2E43 /* Assets.xcassets */; };
		BDA358412C18CA2B00EF2E43 /* Preview Assets.xcassets in Resources */ = {isa = PBXBuildFile; fileRef = BDA358402C18CA2B00EF2E43 /* Preview Assets.xcassets */; };
		BDE96AFA2C1A24DF00204AB1 /* OnTimeResourcesPage.swift in Sources */ = {isa = PBXBuildFile; fileRef = BDE96AF92C1A24DF00204AB1 /* OnTimeResourcesPage.swift */; };
/* End PBXBuildFile section */

/* Begin PBXFileReference section */
		BD44A0562C1B482100D1B176 /* OnTimeHomePage.swift */ = {isa = PBXFileReference; lastKnownFileType = sourcecode.swift; path = OnTimeHomePage.swift; sourceTree = "<group>"; };
		BD5A4B352C1B7766003424D5 /* CalendarCell.swift */ = {isa = PBXFileReference; lastKnownFileType = sourcecode.swift; path = CalendarCell.swift; sourceTree = "<group>"; };
		BD5A4B372C1B77B3003424D5 /* MonthStruct.swift */ = {isa = PBXFileReference; lastKnownFileType = sourcecode.swift; path = MonthStruct.swift; sourceTree = "<group>"; };
		BD5A4B392C1B77DC003424D5 /* CalendarSwiftUIApp.swift */ = {isa = PBXFileReference; lastKnownFileType = sourcecode.swift; path = CalendarSwiftUIApp.swift; sourceTree = "<group>"; };
		BD5A4B3B2C1B7801003424D5 /* OTContentView.swift */ = {isa = PBXFileReference; lastKnownFileType = sourcecode.swift; path = OTContentView.swift; sourceTree = "<group>"; };
		BD5A4B3D2C1B783B003424D5 /* DateScrollerView.swift */ = {isa = PBXFileReference; lastKnownFileType = sourcecode.swift; path = DateScrollerView.swift; sourceTree = "<group>"; };
		BD5A4B3F2C1B7866003424D5 /* CalendarHelper.swift */ = {isa = PBXFileReference; lastKnownFileType = sourcecode.swift; path = CalendarHelper.swift; sourceTree = "<group>"; };
		BD5A4B412C1B788D003424D5 /* DateHolder.swift */ = {isa = PBXFileReference; lastKnownFileType = sourcecode.swift; path = DateHolder.swift; sourceTree = "<group>"; };
		BD5A4B432C1B8354003424D5 /* UpdatedTimerOnTime.swift */ = {isa = PBXFileReference; lastKnownFileType = sourcecode.swift; path = UpdatedTimerOnTime.swift; sourceTree = "<group>"; };
		BD5A4B452C1B83B9003424D5 /* BackgroundUpdatedTimerOnTime.swift */ = {isa = PBXFileReference; lastKnownFileType = sourcecode.swift; path = BackgroundUpdatedTimerOnTime.swift; sourceTree = "<group>"; };
		BD5A4B472C1B8D69003424D5 /* ScheduleContentViewOT.swift */ = {isa = PBXFileReference; lastKnownFileType = sourcecode.swift; path = ScheduleContentViewOT.swift; sourceTree = "<group>"; };
		BD5A4B492C1B8DFA003424D5 /* NewScheduleOnTime.swift */ = {isa = PBXFileReference; lastKnownFileType = sourcecode.swift; path = NewScheduleOnTime.swift; sourceTree = "<group>"; };
		BD5A4B4B2C1B8E9D003424D5 /* ViewAndEditScheduleOnTime.swift */ = {isa = PBXFileReference; lastKnownFileType = sourcecode.swift; path = ViewAndEditScheduleOnTime.swift; sourceTree = "<group>"; };
		BDA358362C18CA2A00EF2E43 /* OnTimeHomePage.app */ = {isa = PBXFileReference; explicitFileType = wrapper.application; includeInIndex = 0; path = OnTimeHomePage.app; sourceTree = BUILT_PRODUCTS_DIR; };
		BDA358392C18CA2A00EF2E43 /* OnTimeHomePageApp.swift */ = {isa = PBXFileReference; lastKnownFileType = sourcecode.swift; path = OnTimeHomePageApp.swift; sourceTree = "<group>"; };
		BDA3583B2C18CA2A00EF2E43 /* ContentView.swift */ = {isa = PBXFileReference; lastKnownFileType = sourcecode.swift; path = ContentView.swift; sourceTree = "<group>"; };
		BDA3583D2C18CA2B00EF2E43 /* Assets.xcassets */ = {isa = PBXFileReference; lastKnownFileType = folder.assetcatalog; path = Assets.xcassets; sourceTree = "<group>"; };
		BDA358402C18CA2B00EF2E43 /* Preview Assets.xcassets */ = {isa = PBXFileReference; lastKnownFileType = folder.assetcatalog; path = "Preview Assets.xcassets"; sourceTree = "<group>"; };
		BDE96AF92C1A24DF00204AB1 /* OnTimeResourcesPage.swift */ = {isa = PBXFileReference; lastKnownFileType = sourcecode.swift; path = OnTimeResourcesPage.swift; sourceTree = "<group>"; };
/* End PBXFileReference section */

/* Begin PBXFrameworksBuildPhase section */
		BDA358332C18CA2A00EF2E43 /* Frameworks */ = {
			isa = PBXFrameworksBuildPhase;
			buildActionMask = 2147483647;
			files = (
			);
			runOnlyForDeploymentPostprocessing = 0;
		};
/* End PBXFrameworksBuildPhase section */

/* Begin PBXGroup section */
		BDA3582D2C18CA2A00EF2E43 = {
			isa = PBXGroup;
			children = (
				BDA358382C18CA2A00EF2E43 /* OnTimeHomePage */,
				BDA358372C18CA2A00EF2E43 /* Products */,
			);
			sourceTree = "<group>";
		};
		BDA358372C18CA2A00EF2E43 /* Products */ = {
			isa = PBXGroup;
			children = (
				BDA358362C18CA2A00EF2E43 /* OnTimeHomePage.app */,
			);
			name = Products;
			sourceTree = "<group>";
		};
		BDA358382C18CA2A00EF2E43 /* OnTimeHomePage */ = {
			isa = PBXGroup;
			children = (
				BDA358392C18CA2A00EF2E43 /* OnTimeHomePageApp.swift */,
				BDE96AF92C1A24DF00204AB1 /* OnTimeResourcesPage.swift */,
				BDA3583B2C18CA2A00EF2E43 /* ContentView.swift */,
				BD44A0562C1B482100D1B176 /* OnTimeHomePage.swift */,
				BD5A4B352C1B7766003424D5 /* CalendarCell.swift */,
				BD5A4B372C1B77B3003424D5 /* MonthStruct.swift */,
				BD5A4B392C1B77DC003424D5 /* CalendarSwiftUIApp.swift */,
				BD5A4B3B2C1B7801003424D5 /* OTContentView.swift */,
				BD5A4B432C1B8354003424D5 /* UpdatedTimerOnTime.swift */,
				BD5A4B472C1B8D69003424D5 /* ScheduleContentViewOT.swift */,
				BD5A4B4B2C1B8E9D003424D5 /* ViewAndEditScheduleOnTime.swift */,
				BD5A4B492C1B8DFA003424D5 /* NewScheduleOnTime.swift */,
				BD5A4B452C1B83B9003424D5 /* BackgroundUpdatedTimerOnTime.swift */,
				BD5A4B3D2C1B783B003424D5 /* DateScrollerView.swift */,
				BD5A4B3F2C1B7866003424D5 /* CalendarHelper.swift */,
				BD5A4B412C1B788D003424D5 /* DateHolder.swift */,
				BDA3583D2C18CA2B00EF2E43 /* Assets.xcassets */,
				BDA3583F2C18CA2B00EF2E43 /* Preview Content */,
			);
			path = OnTimeHomePage;
			sourceTree = "<group>";
		};
		BDA3583F2C18CA2B00EF2E43 /* Preview Content */ = {
			isa = PBXGroup;
			children = (
				BDA358402C18CA2B00EF2E43 /* Preview Assets.xcassets */,
			);
			path = "Preview Content";
			sourceTree = "<group>";
		};
/* End PBXGroup section */

/* Begin PBXNativeTarget section */
		BDA358352C18CA2A00EF2E43 /* OnTimeHomePage */ = {
			isa = PBXNativeTarget;
			buildConfigurationList = BDA358442C18CA2B00EF2E43 /* Build configuration list for PBXNativeTarget "OnTimeHomePage" */;
			buildPhases = (
				BDA358322C18CA2A00EF2E43 /* Sources */,
				BDA358332C18CA2A00EF2E43 /* Frameworks */,
				BDA358342C18CA2A00EF2E43 /* Resources */,
			);
			buildRules = (
			);
			dependencies = (
			);
			name = OnTimeHomePage;
			productName = OnTimeHomePage;
			productReference = BDA358362C18CA2A00EF2E43 /* OnTimeHomePage.app */;
			productType = "com.apple.product-type.application";
		};
/* End PBXNativeTarget section */

/* Begin PBXProject section */
		BDA3582E2C18CA2A00EF2E43 /* Project object */ = {
			isa = PBXProject;
			attributes = {
				BuildIndependentTargetsInParallel = 1;
				LastSwiftUpdateCheck = 1540;
				LastUpgradeCheck = 1540;
				TargetAttributes = {
					BDA358352C18CA2A00EF2E43 = {
						CreatedOnToolsVersion = 15.4;
					};
				};
			};
			buildConfigurationList = BDA358312C18CA2A00EF2E43 /* Build configuration list for PBXProject "OnTimeHomePage" */;
			compatibilityVersion = "Xcode 14.0";
			developmentRegion = en;
			hasScannedForEncodings = 0;
			knownRegions = (
				en,
				Base,
			);
			mainGroup = BDA3582D2C18CA2A00EF2E43;
			productRefGroup = BDA358372C18CA2A00EF2E43 /* Products */;
			projectDirPath = "";
			projectRoot = "";
			targets = (
				BDA358352C18CA2A00EF2E43 /* OnTimeHomePage */,
			);
		};
/* End PBXProject section */

/* Begin PBXResourcesBuildPhase section */
		BDA358342C18CA2A00EF2E43 /* Resources */ = {
			isa = PBXResourcesBuildPhase;
			buildActionMask = 2147483647;
			files = (
				BDA358412C18CA2B00EF2E43 /* Preview Assets.xcassets in Resources */,
				BDA3583E2C18CA2B00EF2E43 /* Assets.xcassets in Resources */,
			);
			runOnlyForDeploymentPostprocessing = 0;
		};
/* End PBXResourcesBuildPhase section */

/* Begin PBXSourcesBuildPhase section */
		BDA358322C18CA2A00EF2E43 /* Sources */ = {
			isa = PBXSourcesBuildPhase;
			buildActionMask = 2147483647;
			files = (
				BDE96AFA2C1A24DF00204AB1 /* OnTimeResourcesPage.swift in Sources */,
				BD5A4B3C2C1B7801003424D5 /* OTContentView.swift in Sources */,
				BD5A4B3A2C1B77DC003424D5 /* CalendarSwiftUIApp.swift in Sources */,
				BD5A4B362C1B7766003424D5 /* CalendarCell.swift in Sources */,
				BD5A4B382C1B77B3003424D5 /* MonthStruct.swift in Sources */,
				BD5A4B3E2C1B783B003424D5 /* DateScrollerView.swift in Sources */,
				BD5A4B482C1B8D69003424D5 /* ScheduleContentViewOT.swift in Sources */,
				BD5A4B422C1B788D003424D5 /* DateHolder.swift in Sources */,
				BD5A4B4C2C1B8E9D003424D5 /* ViewAndEditScheduleOnTime.swift in Sources */,
				BD5A4B402C1B7866003424D5 /* CalendarHelper.swift in Sources */,
				BD44A0572C1B482100D1B176 /* OnTimeHomePage.swift in Sources */,
				BDA3583C2C18CA2A00EF2E43 /* ContentView.swift in Sources */,
				BD5A4B462C1B83B9003424D5 /* BackgroundUpdatedTimerOnTime.swift in Sources */,
				BDA3583A2C18CA2A00EF2E43 /* OnTimeHomePageApp.swift in Sources */,
				BD5A4B442C1B8354003424D5 /* UpdatedTimerOnTime.swift in Sources */,
				BD5A4B4A2C1B8DFA003424D5 /* NewScheduleOnTime.swift in Sources */,
			);
			runOnlyForDeploymentPostprocessing = 0;
		};
/* End PBXSourcesBuildPhase section */

/* Begin XCBuildConfiguration section */
		BDA358422C18CA2B00EF2E43 /* Debug */ = {
			isa = XCBuildConfiguration;
			buildSettings = {
				ALWAYS_SEARCH_USER_PATHS = NO;
				ASSETCATALOG_COMPILER_GENERATE_SWIFT_ASSET_SYMBOL_EXTENSIONS = YES;
				CLANG_ANALYZER_NONNULL = YES;
				CLANG_ANALYZER_NUMBER_OBJECT_CONVERSION = YES_AGGRESSIVE;
				CLANG_CXX_LANGUAGE_STANDARD = "gnu++20";
				CLANG_ENABLE_MODULES = YES;
				CLANG_ENABLE_OBJC_ARC = YES;
				CLANG_ENABLE_OBJC_WEAK = YES;
				CLANG_WARN_BLOCK_CAPTURE_AUTORELEASING = YES;
				CLANG_WARN_BOOL_CONVERSION = YES;
				CLANG_WARN_COMMA = YES;
				CLANG_WARN_CONSTANT_CONVERSION = YES;
				CLANG_WARN_DEPRECATED_OBJC_IMPLEMENTATIONS = YES;
				CLANG_WARN_DIRECT_OBJC_ISA_USAGE = YES_ERROR;
				CLANG_WARN_DOCUMENTATION_COMMENTS = YES;
				CLANG_WARN_EMPTY_BODY = YES;
				CLANG_WARN_ENUM_CONVERSION = YES;
				CLANG_WARN_INFINITE_RECURSION = YES;
				CLANG_WARN_INT_CONVERSION = YES;
				CLANG_WARN_NON_LITERAL_NULL_CONVERSION = YES;
				CLANG_WARN_OBJC_IMPLICIT_RETAIN_SELF = YES;
				CLANG_WARN_OBJC_LITERAL_CONVERSION = YES;
				CLANG_WARN_OBJC_ROOT_CLASS = YES_ERROR;
				CLANG_WARN_QUOTED_INCLUDE_IN_FRAMEWORK_HEADER = YES;
				CLANG_WARN_RANGE_LOOP_ANALYSIS = YES;
				CLANG_WARN_STRICT_PROTOTYPES = YES;
				CLANG_WARN_SUSPICIOUS_MOVE = YES;
				CLANG_WARN_UNGUARDED_AVAILABILITY = YES_AGGRESSIVE;
				CLANG_WARN_UNREACHABLE_CODE = YES;
				CLANG_WARN__DUPLICATE_METHOD_MATCH = YES;
				COPY_PHASE_STRIP = NO;
				DEBUG_INFORMATION_FORMAT = dwarf;
				ENABLE_STRICT_OBJC_MSGSEND = YES;
				ENABLE_TESTABILITY = YES;
				ENABLE_USER_SCRIPT_SANDBOXING = YES;
				GCC_C_LANGUAGE_STANDARD = gnu17;
				GCC_DYNAMIC_NO_PIC = NO;
				GCC_NO_COMMON_BLOCKS = YES;
				GCC_OPTIMIZATION_LEVEL = 0;
				GCC_PREPROCESSOR_DEFINITIONS = (
					"DEBUG=1",
					"$(inherited)",
				);
				GCC_WARN_64_TO_32_BIT_CONVERSION = YES;
				GCC_WARN_ABOUT_RETURN_TYPE = YES_ERROR;
				GCC_WARN_UNDECLARED_SELECTOR = YES;
				GCC_WARN_UNINITIALIZED_AUTOS = YES_AGGRESSIVE;
				GCC_WARN_UNUSED_FUNCTION = YES;
				GCC_WARN_UNUSED_VARIABLE = YES;
				IPHONEOS_DEPLOYMENT_TARGET = 17.5;
				LOCALIZATION_PREFERS_STRING_CATALOGS = YES;
				MTL_ENABLE_DEBUG_INFO = INCLUDE_SOURCE;
				MTL_FAST_MATH = YES;
				ONLY_ACTIVE_ARCH = YES;
				SDKROOT = iphoneos;
				SWIFT_ACTIVE_COMPILATION_CONDITIONS = "DEBUG $(inherited)";
				SWIFT_OPTIMIZATION_LEVEL = "-Onone";
			};
			name = Debug;
		};
		BDA358432C18CA2B00EF2E43 /* Release */ = {
			isa = XCBuildConfiguration;
			buildSettings = {
				ALWAYS_SEARCH_USER_PATHS = NO;
				ASSETCATALOG_COMPILER_GENERATE_SWIFT_ASSET_SYMBOL_EXTENSIONS = YES;
				CLANG_ANALYZER_NONNULL = YES;
				CLANG_ANALYZER_NUMBER_OBJECT_CONVERSION = YES_AGGRESSIVE;
				CLANG_CXX_LANGUAGE_STANDARD = "gnu++20";
				CLANG_ENABLE_MODULES = YES;
				CLANG_ENABLE_OBJC_ARC = YES;
				CLANG_ENABLE_OBJC_WEAK = YES;
				CLANG_WARN_BLOCK_CAPTURE_AUTORELEASING = YES;
				CLANG_WARN_BOOL_CONVERSION = YES;
				CLANG_WARN_COMMA = YES;
				CLANG_WARN_CONSTANT_CONVERSION = YES;
				CLANG_WARN_DEPRECATED_OBJC_IMPLEMENTATIONS = YES;
				CLANG_WARN_DIRECT_OBJC_ISA_USAGE = YES_ERROR;
				CLANG_WARN_DOCUMENTATION_COMMENTS = YES;
				CLANG_WARN_EMPTY_BODY = YES;
				CLANG_WARN_ENUM_CONVERSION = YES;
				CLANG_WARN_INFINITE_RECURSION = YES;
				CLANG_WARN_INT_CONVERSION = YES;
				CLANG_WARN_NON_LITERAL_NULL_CONVERSION = YES;
				CLANG_WARN_OBJC_IMPLICIT_RETAIN_SELF = YES;
				CLANG_WARN_OBJC_LITERAL_CONVERSION = YES;
				CLANG_WARN_OBJC_ROOT_CLASS = YES_ERROR;
				CLANG_WARN_QUOTED_INCLUDE_IN_FRAMEWORK_HEADER = YES;
				CLANG_WARN_RANGE_LOOP_ANALYSIS = YES;
				CLANG_WARN_STRICT_PROTOTYPES = YES;
				CLANG_WARN_SUSPICIOUS_MOVE = YES;
				CLANG_WARN_UNGUARDED_AVAILABILITY = YES_AGGRESSIVE;
				CLANG_WARN_UNREACHABLE_CODE = YES;
				CLANG_WARN__DUPLICATE_METHOD_MATCH = YES;
				COPY_PHASE_STRIP = NO;
				DEBUG_INFORMATION_FORMAT = "dwarf-with-dsym";
				ENABLE_NS_ASSERTIONS = NO;
				ENABLE_STRICT_OBJC_MSGSEND = YES;
				ENABLE_USER_SCRIPT_SANDBOXING = YES;
				GCC_C_LANGUAGE_STANDARD = gnu17;
				GCC_NO_COMMON_BLOCKS = YES;
				GCC_WARN_64_TO_32_BIT_CONVERSION = YES;
				GCC_WARN_ABOUT_RETURN_TYPE = YES_ERROR;
				GCC_WARN_UNDECLARED_SELECTOR = YES;
				GCC_WARN_UNINITIALIZED_AUTOS = YES_AGGRESSIVE;
				GCC_WARN_UNUSED_FUNCTION = YES;
				GCC_WARN_UNUSED_VARIABLE = YES;
				IPHONEOS_DEPLOYMENT_TARGET = 17.5;
				LOCALIZATION_PREFERS_STRING_CATALOGS = YES;
				MTL_ENABLE_DEBUG_INFO = NO;
				MTL_FAST_MATH = YES;
				SDKROOT = iphoneos;
				SWIFT_COMPILATION_MODE = wholemodule;
				VALIDATE_PRODUCT = YES;
			};
			name = Release;
		};
		BDA358452C18CA2B00EF2E43 /* Debug */ = {
			isa = XCBuildConfiguration;
			buildSettings = {
				ASSETCATALOG_COMPILER_APPICON_NAME = AppIcon;
				ASSETCATALOG_COMPILER_GLOBAL_ACCENT_COLOR_NAME = AccentColor;
				CODE_SIGN_STYLE = Automatic;
				CURRENT_PROJECT_VERSION = 1;
				DEVELOPMENT_ASSET_PATHS = "\"OnTimeHomePage/Preview Content\"";
				ENABLE_PREVIEWS = YES;
				GENERATE_INFOPLIST_FILE = YES;
				INFOPLIST_KEY_UIApplicationSceneManifest_Generation = YES;
				INFOPLIST_KEY_UIApplicationSupportsIndirectInputEvents = YES;
				INFOPLIST_KEY_UILaunchScreen_Generation = YES;
				INFOPLIST_KEY_UISupportedInterfaceOrientations_iPad = "UIInterfaceOrientationPortrait UIInterfaceOrientationPortraitUpsideDown UIInterfaceOrientationLandscapeLeft UIInterfaceOrientationLandscapeRight";
				INFOPLIST_KEY_UISupportedInterfaceOrientations_iPhone = "UIInterfaceOrientationPortrait UIInterfaceOrientationLandscapeLeft UIInterfaceOrientationLandscapeRight";
				LD_RUNPATH_SEARCH_PATHS = (
					"$(inherited)",
					"@executable_path/Frameworks",
				);
				MARKETING_VERSION = 1.0;
				PRODUCT_BUNDLE_IDENTIFIER = KWK.OnTimeHomePage;
				PRODUCT_NAME = "$(TARGET_NAME)";
				SWIFT_EMIT_LOC_STRINGS = YES;
				SWIFT_VERSION = 5.0;
				TARGETED_DEVICE_FAMILY = "1,2";
			};
			name = Debug;
		};
		BDA358462C18CA2B00EF2E43 /* Release */ = {
			isa = XCBuildConfiguration;
			buildSettings = {
				ASSETCATALOG_COMPILER_APPICON_NAME = AppIcon;
				ASSETCATALOG_COMPILER_GLOBAL_ACCENT_COLOR_NAME = AccentColor;
				CODE_SIGN_STYLE = Automatic;
				CURRENT_PROJECT_VERSION = 1;
				DEVELOPMENT_ASSET_PATHS = "\"OnTimeHomePage/Preview Content\"";
				ENABLE_PREVIEWS = YES;
				GENERATE_INFOPLIST_FILE = YES;
				INFOPLIST_KEY_UIApplicationSceneManifest_Generation = YES;
				INFOPLIST_KEY_UIApplicationSupportsIndirectInputEvents = YES;
				INFOPLIST_KEY_UILaunchScreen_Generation = YES;
				INFOPLIST_KEY_UISupportedInterfaceOrientations_iPad = "UIInterfaceOrientationPortrait UIInterfaceOrientationPortraitUpsideDown UIInterfaceOrientationLandscapeLeft UIInterfaceOrientationLandscapeRight";
				INFOPLIST_KEY_UISupportedInterfaceOrientations_iPhone = "UIInterfaceOrientationPortrait UIInterfaceOrientationLandscapeLeft UIInterfaceOrientationLandscapeRight";
				LD_RUNPATH_SEARCH_PATHS = (
					"$(inherited)",
					"@executable_path/Frameworks",
				);
				MARKETING_VERSION = 1.0;
				PRODUCT_BUNDLE_IDENTIFIER = KWK.OnTimeHomePage;
				PRODUCT_NAME = "$(TARGET_NAME)";
				SWIFT_EMIT_LOC_STRINGS = YES;
				SWIFT_VERSION = 5.0;
				TARGETED_DEVICE_FAMILY = "1,2";
			};
			name = Release;
		};
/* End XCBuildConfiguration section */

/* Begin XCConfigurationList section */
		BDA358312C18CA2A00EF2E43 /* Build configuration list for PBXProject "OnTimeHomePage" */ = {
			isa = XCConfigurationList;
			buildConfigurations = (
				BDA358422C18CA2B00EF2E43 /* Debug */,
				BDA358432C18CA2B00EF2E43 /* Release */,
			);
			defaultConfigurationIsVisible = 0;
			defaultConfigurationName = Release;
		};
		BDA358442C18CA2B00EF2E43 /* Build configuration list for PBXNativeTarget "OnTimeHomePage" */ = {
			isa = XCConfigurationList;
			buildConfigurations = (
				BDA358452C18CA2B00EF2E43 /* Debug */,
				BDA358462C18CA2B00EF2E43 /* Release */,
			);
			defaultConfigurationIsVisible = 0;
			defaultConfigurationName = Release;
		};
/* End XCConfigurationList section */
	};
	rootObject = BDA3582E2C18CA2A00EF2E43 /* Project object */;
}
